lockfileVersion: '6.0'

settings:
  autoInstallPeers: true
  excludeLinksFromLockfile: false

dependencies:
  lottie-miniprogram:
    specifier: ^1.0.12
    version: 1.0.12

packages:

  /lottie-miniprogram@1.0.12:
    resolution: {integrity: sha512-2ITtXAyeDXbftvYYe5w0ayl8jTV8laylWMCdJofpka1q205NkjRNj7kX+iIZZ/YjKh1f8plWxb9gSFHkC7BLUQ==}
    dev: false
